
Microsoft Visual Studio Solution File, Format Version 12.00
# Visual Studio Version 16
VisualStudioVersion = 16.0.31005.135
MinimumVisualStudioVersion = 10.0.40219.1
Project("{9A19103F-16F7-4668-BE54-9A1E7A4F7556}") = "HttpClientDemo", "HttpClientDemo\HttpClientDemo.csproj", "{FB696E64-64E7-49F3-BB61-6A6DBD5EA858}"
EndProject
Global
	GlobalSection(SolutionConfigurationPlatforms) = preSolution
		Debug|Any CPU = Debug|Any CPU
		Release|Any CPU = Release|Any CPU
	EndGlobalSection
	GlobalSection(ProjectConfigurationPlatforms) = postSolution
		{FB696E64-64E7-49F3-BB61-6A6DBD5EA858}.Debug|Any CPU.ActiveCfg = Debug|Any CPU
		{FB696E64-64E7-49F3-BB61-6A6DBD5EA858}.Debug|Any CPU.Build.0 = Debug|Any CPU
		{FB696E64-64E7-49F3-BB61-6A6DBD5EA858}.Release|Any CPU.ActiveCfg = Release|Any CPU
		{FB696E64-64E7-49F3-BB61-6A6DBD5EA858}.Release|Any CPU.Build.0 = Release|Any CPU
	EndGlobalSection
	GlobalSection(SolutionProperties) = preSolution
		HideSolutionNode = FALSE
	EndGlobalSection
	GlobalSection(ExtensibilityGlobals) = postSolution
		SolutionGuid = {397DBB67-1CBE-4A4B-A010-96D568446115}
	EndGlobalSection
EndGlobal
